// !$*UTF8*$!
{
	archiveVersion = 1;
	classes = {
	};
	objectVersion = 56;
	objects = {

/* Begin PBXBuildFile section */
		140966C92F55CD1B0095A3EA /* LEDPreviewViewController.swift in Sources */ = {isa = PBXBuildFile; fileRef = 140966C82F55CD1A0095A3EA /* LEDPreviewViewController.swift */; };
		1413821A2F56769B00F73105 /* LanguageManager.swift in Sources */ = {isa = PBXBuildFile; fileRef = 141382192F56769B00F73105 /* LanguageManager.swift */; };
		141382402F56825C00F73105 /* Localizable.strings in Resources */ = {isa = PBXBuildFile; fileRef = 1413821C2F56825C00F73105 /* Localizable.strings */; };
		A1000001000000000000001 /* AppDelegate.swift in Sources */ = {isa = PBXBuildFile; fileRef = A1000002000000000000001 /* AppDelegate.swift */; };
		A1000003000000000000001 /* SceneDelegate.swift in Sources */ = {isa = PBXBuildFile; fileRef = A1000004000000000000001 /* SceneDelegate.swift */; };
		A1000005000000000000001 /* MainViewController.swift in Sources */ = {isa = PBXBuildFile; fileRef = A1000006000000000000001 /* MainViewController.swift */; };
		A1000007000000000000001 /* LEDDisplayViewController.swift in Sources */ = {isa = PBXBuildFile; fileRef = A1000008000000000000001 /* LEDDisplayViewController.swift */; };
		A1000009000000000000001 /* ConfigModel.swift in Sources */ = {isa = PBXBuildFile; fileRef = A1000010000000000000001 /* ConfigModel.swift */; };
		A1000011000000000000001 /* CodeGenerator.swift in Sources */ = {isa = PBXBuildFile; fileRef = A1000012000000000000001 /* CodeGenerator.swift */; };
		A1000013000000000000001 /* EffectsRenderer.swift in Sources */ = {isa = PBXBuildFile; fileRef = A1000014000000000000001 /* EffectsRenderer.swift */; };
		A1000015000000000000001 /* Assets.xcassets in Resources */ = {isa = PBXBuildFile; fileRef = A1000016000000000000001 /* Assets.xcassets */; };
		A1000017000000000000001 /* LaunchScreen.storyboard in Resources */ = {isa = PBXBuildFile; fileRef = A1000018000000000000001 /* LaunchScreen.storyboard */; };
		A1000020000000000000001 /* LEDSquareViewController.swift in Sources */ = {isa = PBXBuildFile; fileRef = A1000021000000000000001 /* LEDSquareViewController.swift */; };
		A1000022000000000000001 /* LEDItem.swift in Sources */ = {isa = PBXBuildFile; fileRef = A1000023000000000000001 /* LEDItem.swift */; };
		A1000024000000000000001 /* LEDCreateViewController.swift in Sources */ = {isa = PBXBuildFile; fileRef = A1000025000000000000001 /* LEDCreateViewController.swift */; };
		A1000026000000000000001 /* LEDFullScreenViewController.swift in Sources */ = {isa = PBXBuildFile; fileRef = A1000027000000000000001 /* LEDFullScreenViewController.swift */; };
		A1000028000000000000001 /* UIColor+Hex.swift in Sources */ = {isa = PBXBuildFile; fileRef = A1000029000000000000001 /* UIColor+Hex.swift */; };
		A1000030000000000000001 /* FireworksViewController.swift in Sources */ = {isa = PBXBuildFile; fileRef = A1000031000000000000001 /* FireworksViewController.swift */; };
		A1000032000000000000001 /* FireworksBloomViewController.swift in Sources */ = {isa = PBXBuildFile; fileRef = A1000033000000000000001 /* FireworksBloomViewController.swift */; };
		A1000034000000000000001 /* FlipClockViewController.swift in Sources */ = {isa = PBXBuildFile; fileRef = A1000035000000000000001 /* FlipClockViewController.swift */; };
		A1000036000000000000001 /* LoveRainViewController.swift in Sources */ = {isa = PBXBuildFile; fileRef = A1000037000000000000001 /* LoveRainViewController.swift */; };
		A1000038000000000000001 /* MainTabBarController.swift in Sources */ = {isa = PBXBuildFile; fileRef = A1000039000000000000001 /* MainTabBarController.swift */; };
		A1000040000000000000001 /* TemplateSquareViewController.swift in Sources */ = {isa = PBXBuildFile; fileRef = A1000041000000000000001 /* TemplateSquareViewController.swift */; };
		A1000042000000000000001 /* SettingsViewController.swift in Sources */ = {isa = PBXBuildFile; fileRef = A1000043000000000000001 /* SettingsViewController.swift */; };
		A1000044000000000000001 /* MyCreationsViewController.swift in Sources */ = {isa = PBXBuildFile; fileRef = A1000045000000000000001 /* MyCreationsViewController.swift */; };
		A1000046000000000000001 /* MarqueeBorderView.swift in Sources */ = {isa = PBXBuildFile; fileRef = A1000047000000000000001 /* MarqueeBorderView.swift */; };
		A1000048000000000000001 /* LightBoardBorderView.swift in Sources */ = {isa = PBXBuildFile; fileRef = A1000049000000000000001 /* LightBoardBorderView.swift */; };
		A1000050000000000000001 /* HeartGridViewController.swift in Sources */ = {isa = PBXBuildFile; fileRef = A1000051000000000000001 /* HeartGridViewController.swift */; };
/* End PBXBuildFile section */

/* Begin PBXFileReference section */
		140966C82F55CD1A0095A3EA /* LEDPreviewViewController.swift */ = {isa = PBXFileReference; fileEncoding = 4; lastKnownFileType = sourcecode.swift; path = LEDPreviewViewController.swift; sourceTree = "<group>"; };
		141382192F56769B00F73105 /* LanguageManager.swift */ = {isa = PBXFileReference; fileEncoding = 4; lastKnownFileType = sourcecode.swift; path = LanguageManager.swift; sourceTree = "<group>"; };
		141382AA2F56825C00F73105 /* en */ = {isa = PBXFileReference; lastKnownFileType = text.plist.strings; name = en; path = en.lproj/Localizable.strings; sourceTree = "<group>"; };
		1413821D2F56825C00F73105 /* de */ = {isa = PBXFileReference; lastKnownFileType = text.plist.strings; name = de; path = de.lproj/Localizable.strings; sourceTree = "<group>"; };
		1413821E2F56825C00F73105 /* zh-Hans */ = {isa = PBXFileReference; lastKnownFileType = text.plist.strings; name = "zh-Hans"; path = "zh-Hans.lproj/Localizable.strings"; sourceTree = "<group>"; };
		1413821F2F56825C00F73105 /* ja */ = {isa = PBXFileReference; lastKnownFileType = text.plist.strings; name = ja; path = ja.lproj/Localizable.strings; sourceTree = "<group>"; };
		141382202F56825C00F73105 /* LEDFullScreenViewController.swift */ = {isa = PBXFileReference; fileEncoding = 4; lastKnownFileType = sourcecode.swift; path = LEDFullScreenViewController.swift; sourceTree = "<group>"; };
		141382212F56825C00F73105 /* LaunchScreen.storyboard */ = {isa = PBXFileReference; fileEncoding = 4; lastKnownFileType = file.storyboard; path = LaunchScreen.storyboard; sourceTree = "<group>"; };
		141382222F56825C00F73105 /* LanguageManager.swift */ = {isa = PBXFileReference; fileEncoding = 4; lastKnownFileType = sourcecode.swift; path = LanguageManager.swift; sourceTree = "<group>"; };
		141382232F56825C00F73105 /* TemplateSquareViewController.swift */ = {isa = PBXFileReference; fileEncoding = 4; lastKnownFileType = sourcecode.swift; path = TemplateSquareViewController.swift; sourceTree = "<group>"; };
		141382242F56825C00F73105 /* es */ = {isa = PBXFileReference; lastKnownFileType = text.plist.strings; name = es; path = es.lproj/Localizable.strings; sourceTree = "<group>"; };
		141382252F56825C00F73105 /* FireworksViewController.swift */ = {isa = PBXFileReference; fileEncoding = 4; lastKnownFileType = sourcecode.swift; path = FireworksViewController.swift; sourceTree = "<group>"; };
		141382262F56825C00F73105 /* FireworksBloomViewController.swift */ = {isa = PBXFileReference; fileEncoding = 4; lastKnownFileType = sourcecode.swift; path = FireworksBloomViewController.swift; sourceTree = "<group>"; };
		141382272F56825C00F73105 /* UIColor+Hex.swift */ = {isa = PBXFileReference; fileEncoding = 4; lastKnownFileType = sourcecode.swift; path = "UIColor+Hex.swift"; sourceTree = "<group>"; };
		141382282F56825C00F73105 /* it */ = {isa = PBXFileReference; lastKnownFileType = text.plist.strings; name = it; path = it.lproj/Localizable.strings; sourceTree = "<group>"; };
		141382292F56825C00F73105 /* LEDCreateViewController.swift */ = {isa = PBXFileReference; fileEncoding = 4; lastKnownFileType = sourcecode.swift; path = LEDCreateViewController.swift; sourceTree = "<group>"; };
		1413822A2F56825C00F73105 /* MainViewController.swift */ = {isa = PBXFileReference; fileEncoding = 4; lastKnownFileType = sourcecode.swift; path = MainViewController.swift; sourceTree = "<group>"; };
		1413822B2F56825C00F73105 /* Assets.xcassets */ = {isa = PBXFileReference; lastKnownFileType = folder.assetcatalog; path = Assets.xcassets; sourceTree = "<group>"; };
		1413822C2F56825C00F73105 /* ko */ = {isa = PBXFileReference; lastKnownFileType = text.plist.strings; name = ko; path = ko.lproj/Localizable.strings; sourceTree = "<group>"; };
		1413822D2F56825C00F73105 /* LEDSquareViewController.swift */ = {isa = PBXFileReference; fileEncoding = 4; lastKnownFileType = sourcecode.swift; path = LEDSquareViewController.swift; sourceTree = "<group>"; };
		1413822E2F56825C00F73105 /* zh-Hant */ = {isa = PBXFileReference; lastKnownFileType = text.plist.strings; name = "zh-Hant"; path = "zh-Hant.lproj/Localizable.strings"; sourceTree = "<group>"; };
		1413822F2F56825C00F73105 /* LEDItem.swift */ = {isa = PBXFileReference; fileEncoding = 4; lastKnownFileType = sourcecode.swift; path = LEDItem.swift; sourceTree = "<group>"; };
		141382302F56825C00F73105 /* Localizable.strings */ = {isa = PBXFileReference; fileEncoding = 4; lastKnownFileType = text.plist.strings; path = Localizable.strings; sourceTree = "<group>"; };
		141382312F56825C00F73105 /* LEDDisplayViewController.swift */ = {isa = PBXFileReference; fileEncoding = 4; lastKnownFileType = sourcecode.swift; path = LEDDisplayViewController.swift; sourceTree = "<group>"; };
		141382322F56825C00F73105 /* FlipClockViewController.swift */ = {isa = PBXFileReference; fileEncoding = 4; lastKnownFileType = sourcecode.swift; path = FlipClockViewController.swift; sourceTree = "<group>"; };
		141382332F56825C00F73105 /* MainTabBarController.swift */ = {isa = PBXFileReference; fileEncoding = 4; lastKnownFileType = sourcecode.swift; path = MainTabBarController.swift; sourceTree = "<group>"; };
		141382342F56825C00F73105 /* MyCreationsViewController.swift */ = {isa = PBXFileReference; fileEncoding = 4; lastKnownFileType = sourcecode.swift; path = MyCreationsViewController.swift; sourceTree = "<group>"; };
		141382352F56825C00F73105 /* CodeGenerator.swift */ = {isa = PBXFileReference; fileEncoding = 4; lastKnownFileType = sourcecode.swift; path = CodeGenerator.swift; sourceTree = "<group>"; };
		141382362F56825C00F73105 /* fr */ = {isa = PBXFileReference; lastKnownFileType = text.plist.strings; name = fr; path = fr.lproj/Localizable.strings; sourceTree = "<group>"; };
		141382372F56825C00F73105 /* AppDelegate.swift */ = {isa = PBXFileReference; fileEncoding = 4; lastKnownFileType = sourcecode.swift; path = AppDelegate.swift; sourceTree = "<group>"; };
		141382382F56825C00F73105 /* pt */ = {isa = PBXFileReference; lastKnownFileType = text.plist.strings; name = pt; path = pt.lproj/Localizable.strings; sourceTree = "<group>"; };
		141382392F56825C00F73105 /* EffectsRenderer.swift */ = {isa = PBXFileReference; fileEncoding = 4; lastKnownFileType = sourcecode.swift; path = EffectsRenderer.swift; sourceTree = "<group>"; };
		1413823A2F56825C00F73105 /* LoveRainViewController.swift */ = {isa = PBXFileReference; fileEncoding = 4; lastKnownFileType = sourcecode.swift; path = LoveRainViewController.swift; sourceTree = "<group>"; };
		1413823B2F56825C00F73105 /* Info.plist */ = {isa = PBXFileReference; fileEncoding = 4; lastKnownFileType = text.plist.xml; path = Info.plist; sourceTree = "<group>"; };
		1413823C2F56825C00F73105 /* ConfigModel.swift */ = {isa = PBXFileReference; fileEncoding = 4; lastKnownFileType = sourcecode.swift; path = ConfigModel.swift; sourceTree = "<group>"; };
		1413823D2F56825C00F73105 /* SceneDelegate.swift */ = {isa = PBXFileReference; fileEncoding = 4; lastKnownFileType = sourcecode.swift; path = SceneDelegate.swift; sourceTree = "<group>"; };
		1413823E2F56825C00F73105 /* SettingsViewController.swift */ = {isa = PBXFileReference; fileEncoding = 4; lastKnownFileType = sourcecode.swift; path = SettingsViewController.swift; sourceTree = "<group>"; };
		1413823F2F56825C00F73105 /* LEDPreviewViewController.swift */ = {isa = PBXFileReference; fileEncoding = 4; lastKnownFileType = sourcecode.swift; path = LEDPreviewViewController.swift; sourceTree = "<group>"; };
		A1000000000000000000001 /* GlowLed.app */ = {isa = PBXFileReference; explicitFileType = wrapper.application; includeInIndex = 0; path = GlowLed.app; sourceTree = BUILT_PRODUCTS_DIR; };
		A1000002000000000000001 /* AppDelegate.swift */ = {isa = PBXFileReference; lastKnownFileType = sourcecode.swift; path = AppDelegate.swift; sourceTree = "<group>"; };
		A1000004000000000000001 /* SceneDelegate.swift */ = {isa = PBXFileReference; lastKnownFileType = sourcecode.swift; path = SceneDelegate.swift; sourceTree = "<group>"; };
		A1000006000000000000001 /* MainViewController.swift */ = {isa = PBXFileReference; lastKnownFileType = sourcecode.swift; path = MainViewController.swift; sourceTree = "<group>"; };
		A1000008000000000000001 /* LEDDisplayViewController.swift */ = {isa = PBXFileReference; lastKnownFileType = sourcecode.swift; path = LEDDisplayViewController.swift; sourceTree = "<group>"; };
		A1000010000000000000001 /* ConfigModel.swift */ = {isa = PBXFileReference; lastKnownFileType = sourcecode.swift; path = ConfigModel.swift; sourceTree = "<group>"; };
		A1000012000000000000001 /* CodeGenerator.swift */ = {isa = PBXFileReference; lastKnownFileType = sourcecode.swift; path = CodeGenerator.swift; sourceTree = "<group>"; };
		A1000014000000000000001 /* EffectsRenderer.swift */ = {isa = PBXFileReference; lastKnownFileType = sourcecode.swift; path = EffectsRenderer.swift; sourceTree = "<group>"; };
		A1000016000000000000001 /* Assets.xcassets */ = {isa = PBXFileReference; lastKnownFileType = folder.assetcatalog; path = Assets.xcassets; sourceTree = "<group>"; };
		A1000018000000000000001 /* LaunchScreen.storyboard */ = {isa = PBXFileReference; lastKnownFileType = file.storyboard; path = LaunchScreen.storyboard; sourceTree = "<group>"; };
		A1000019000000000000001 /* Info.plist */ = {isa = PBXFileReference; lastKnownFileType = text.plist.xml; path = Info.plist; sourceTree = "<group>"; };
		A1000021000000000000001 /* LEDSquareViewController.swift */ = {isa = PBXFileReference; lastKnownFileType = sourcecode.swift; path = LEDSquareViewController.swift; sourceTree = "<group>"; };
		A1000023000000000000001 /* LEDItem.swift */ = {isa = PBXFileReference; lastKnownFileType = sourcecode.swift; path = LEDItem.swift; sourceTree = "<group>"; };
		A1000025000000000000001 /* LEDCreateViewController.swift */ = {isa = PBXFileReference; lastKnownFileType = sourcecode.swift; path = LEDCreateViewController.swift; sourceTree = "<group>"; };
		A1000027000000000000001 /* LEDFullScreenViewController.swift */ = {isa = PBXFileReference; lastKnownFileType = sourcecode.swift; path = LEDFullScreenViewController.swift; sourceTree = "<group>"; };
		A1000029000000000000001 /* UIColor+Hex.swift */ = {isa = PBXFileReference; lastKnownFileType = sourcecode.swift; path = "UIColor+Hex.swift"; sourceTree = "<group>"; };
		A1000031000000000000001 /* FireworksViewController.swift */ = {isa = PBXFileReference; lastKnownFileType = sourcecode.swift; path = FireworksViewController.swift; sourceTree = "<group>"; };
		A1000033000000000000001 /* FireworksBloomViewController.swift */ = {isa = PBXFileReference; lastKnownFileType = sourcecode.swift; path = FireworksBloomViewController.swift; sourceTree = "<group>"; };
		A1000035000000000000001 /* FlipClockViewController.swift */ = {isa = PBXFileReference; lastKnownFileType = sourcecode.swift; path = FlipClockViewController.swift; sourceTree = "<group>"; };
		A1000037000000000000001 /* LoveRainViewController.swift */ = {isa = PBXFileReference; lastKnownFileType = sourcecode.swift; path = LoveRainViewController.swift; sourceTree = "<group>"; };
		A1000039000000000000001 /* MainTabBarController.swift */ = {isa = PBXFileReference; lastKnownFileType = sourcecode.swift; path = MainTabBarController.swift; sourceTree = "<group>"; };
		A1000041000000000000001 /* TemplateSquareViewController.swift */ = {isa = PBXFileReference; lastKnownFileType = sourcecode.swift; path = TemplateSquareViewController.swift; sourceTree = "<group>"; };
		A1000043000000000000001 /* SettingsViewController.swift */ = {isa = PBXFileReference; lastKnownFileType = sourcecode.swift; path = SettingsViewController.swift; sourceTree = "<group>"; };
		A1000045000000000000001 /* MyCreationsViewController.swift */ = {isa = PBXFileReference; lastKnownFileType = sourcecode.swift; path = MyCreationsViewController.swift; sourceTree = "<group>"; };
		A1000047000000000000001 /* MarqueeBorderView.swift */ = {isa = PBXFileReference; lastKnownFileType = sourcecode.swift; path = MarqueeBorderView.swift; sourceTree = "<group>"; };
		A1000049000000000000001 /* LightBoardBorderView.swift */ = {isa = PBXFileReference; lastKnownFileType = sourcecode.swift; path = LightBoardBorderView.swift; sourceTree = "<group>"; };
		A1000051000000000000001 /* HeartGridViewController.swift */ = {isa = PBXFileReference; lastKnownFileType = sourcecode.swift; path = HeartGridViewController.swift; sourceTree = "<group>"; };
/* End PBXFileReference section */

/* Begin PBXFrameworksBuildPhase section */
		A0999999000000000000001 /* Frameworks */ = {
			isa = PBXFrameworksBuildPhase;
			buildActionMask = 2147483647;
			files = (
			);
			runOnlyForDeploymentPostprocessing = 0;
		};
/* End PBXFrameworksBuildPhase section */

/* Begin PBXGroup section */
		1413821B2F56825C00F73105 /* GlowLed */ = {
			isa = PBXGroup;
			children = (
				1413821C2F56825C00F73105 /* Localizable.strings */,
				141382202F56825C00F73105 /* LEDFullScreenViewController.swift */,
				141382212F56825C00F73105 /* LaunchScreen.storyboard */,
				141382222F56825C00F73105 /* LanguageManager.swift */,
				141382232F56825C00F73105 /* TemplateSquareViewController.swift */,
				141382252F56825C00F73105 /* FireworksViewController.swift */,
				141382262F56825C00F73105 /* FireworksBloomViewController.swift */,
				141382272F56825C00F73105 /* UIColor+Hex.swift */,
				141382292F56825C00F73105 /* LEDCreateViewController.swift */,
				1413822A2F56825C00F73105 /* MainViewController.swift */,
				1413822B2F56825C00F73105 /* Assets.xcassets */,
				1413822D2F56825C00F73105 /* LEDSquareViewController.swift */,
				1413822F2F56825C00F73105 /* LEDItem.swift */,
				141382302F56825C00F73105 /* Localizable.strings */,
				141382312F56825C00F73105 /* LEDDisplayViewController.swift */,
				141382322F56825C00F73105 /* FlipClockViewController.swift */,
				141382332F56825C00F73105 /* MainTabBarController.swift */,
				141382342F56825C00F73105 /* MyCreationsViewController.swift */,
				141382352F56825C00F73105 /* CodeGenerator.swift */,
				141382372F56825C00F73105 /* AppDelegate.swift */,
				141382392F56825C00F73105 /* EffectsRenderer.swift */,
				1413823A2F56825C00F73105 /* LoveRainViewController.swift */,
				1413823B2F56825C00F73105 /* Info.plist */,
				1413823C2F56825C00F73105 /* ConfigModel.swift */,
				1413823D2F56825C00F73105 /* SceneDelegate.swift */,
				1413823E2F56825C00F73105 /* SettingsViewController.swift */,
				1413823F2F56825C00F73105 /* LEDPreviewViewController.swift */,
			);
			name = GlowLed;
			sourceTree = "<group>";
		};
		1413825B2F5682BE00F73105 /* pt.lproj */ = {
			isa = PBXGroup;
			children = (
				1413825C2F5682BE00F73105 /* Localizable.strings */,
			);
			path = pt.lproj;
			sourceTree = "<group>";
		};
		1413825E2F5682BE00F73105 /* zh-Hant.lproj */ = {
			isa = PBXGroup;
			children = (
				1413825F2F5682BE00F73105 /* Localizable.strings */,
			);
			path = "zh-Hant.lproj";
			sourceTree = "<group>";
		};
		141382612F5682BE00F73105 /* ko.lproj */ = {
			isa = PBXGroup;
			children = (
				141382622F5682BE00F73105 /* Localizable.strings */,
				141382642F5682BE00F73105 /* Localizable.strings */,
			);
			path = ko.lproj;
			sourceTree = "<group>";
		};
		141382672F5682BE00F73105 /* it.lproj */ = {
			isa = PBXGroup;
			children = (
				141382682F5682BE00F73105 /* Localizable.strings */,
			);
			path = it.lproj;
			sourceTree = "<group>";
		};
		1413826A2F5682BE00F73105 /* zh-Hans.lproj */ = {
			isa = PBXGroup;
			children = (
				1413826B2F5682BE00F73105 /* Localizable.strings */,
			);
			path = "zh-Hans.lproj";
			sourceTree = "<group>";
		};
		1413826D2F5682BE00F73105 /* de.lproj */ = {
			isa = PBXGroup;
			children = (
				1413826E2F5682BE00F73105 /* Localizable.strings */,
			);
			path = de.lproj;
			sourceTree = "<group>";
		};
		141382702F5682BE00F73105 /* ja.lproj */ = {
			isa = PBXGroup;
			children = (
				141382712F5682BE00F73105 /* Localizable.strings */,
			);
			path = ja.lproj;
			sourceTree = "<group>";
		};
		A0999997000000000000001 /* Products */ = {
			isa = PBXGroup;
			children = (
				A1000000000000000000001 /* GlowLed.app */,
			);
			name = Products;
			sourceTree = "<group>";
		};
		A0999998000000000000001 = {
			isa = PBXGroup;
			children = (
				A1000001000000000000002 /* GlowLed */,
				A0999997000000000000001 /* Products */,
			);
			sourceTree = "<group>";
		};
		A1000001000000000000002 /* GlowLed */ = {
			isa = PBXGroup;
			children = (
				1413826D2F5682BE00F73105 /* de.lproj */,
				141382672F5682BE00F73105 /* it.lproj */,
				141382702F5682BE00F73105 /* ja.lproj */,
				141382612F5682BE00F73105 /* ko.lproj */,
				1413825B2F5682BE00F73105 /* pt.lproj */,
				1413826A2F5682BE00F73105 /* zh-Hans.lproj */,
				1413825E2F5682BE00F73105 /* zh-Hant.lproj */,
				1413821B2F56825C00F73105 /* GlowLed */,
				141382192F56769B00F73105 /* LanguageManager.swift */,
				140966C82F55CD1A0095A3EA /* LEDPreviewViewController.swift */,
				A1000002000000000000001 /* AppDelegate.swift */,
				A1000004000000000000001 /* SceneDelegate.swift */,
				A1000039000000000000001 /* MainTabBarController.swift */,
				A1000041000000000000001 /* TemplateSquareViewController.swift */,
				A1000045000000000000001 /* MyCreationsViewController.swift */,
				A1000043000000000000001 /* SettingsViewController.swift */,
				A1000021000000000000001 /* LEDSquareViewController.swift */,
				A1000025000000000000001 /* LEDCreateViewController.swift */,
				A1000027000000000000001 /* LEDFullScreenViewController.swift */,
				A1000031000000000000001 /* FireworksViewController.swift */,
				A1000033000000000000001 /* FireworksBloomViewController.swift */,
				A1000035000000000000001 /* FlipClockViewController.swift */,
				A1000037000000000000001 /* LoveRainViewController.swift */,
				A1000023000000000000001 /* LEDItem.swift */,
				A1000029000000000000001 /* UIColor+Hex.swift */,
				A1000047000000000000001 /* MarqueeBorderView.swift */,
				A1000049000000000000001 /* LightBoardBorderView.swift */,
				A1000051000000000000001 /* HeartGridViewController.swift */,
				A1000006000000000000001 /* MainViewController.swift */,
				A1000008000000000000001 /* LEDDisplayViewController.swift */,
				A1000010000000000000001 /* ConfigModel.swift */,
				A1000012000000000000001 /* CodeGenerator.swift */,
				A1000014000000000000001 /* EffectsRenderer.swift */,
				A1000016000000000000001 /* Assets.xcassets */,
				A1000018000000000000001 /* LaunchScreen.storyboard */,
				A1000019000000000000001 /* Info.plist */,
			);
			path = GlowLed;
			sourceTree = "<group>";
		};
/* End PBXGroup section */

/* Begin PBXNativeTarget section */
		A0999996000000000000001 /* GlowLed */ = {
			isa = PBXNativeTarget;
			buildConfigurationList = A0999995000000000000001 /* Build configuration list for PBXNativeTarget "GlowLed" */;
			buildPhases = (
				A0999994000000000000001 /* Sources */,
				A0999999000000000000001 /* Frameworks */,
				A0999993000000000000001 /* Resources */,
			);
			buildRules = (
			);
			dependencies = (
			);
			name = GlowLed;
			productName = GlowLed;
			productReference = A1000000000000000000001 /* GlowLed.app */;
			productType = "com.apple.product-type.application";
		};
/* End PBXNativeTarget section */

/* Begin PBXProject section */
		A0999992000000000000001 /* Project object */ = {
			isa = PBXProject;
			attributes = {
				BuildIndependentTargetsInParallel = 1;
				LastSwiftUpdateCheck = 1500;
				LastUpgradeCheck = 1500;
				TargetAttributes = {
					A0999996000000000000001 = {
						CreatedOnToolsVersion = 15.0;
					};
				};
			};
			buildConfigurationList = A0999991000000000000001 /* Build configuration list for PBXProject "GlowLed" */;
			compatibilityVersion = "Xcode 14.0";
			developmentRegion = en;
			hasScannedForEncodings = 0;
			knownRegions = (
				en,
				Base,
				de,
				"zh-Hans",
				ja,
				es,
				it,
				ko,
				"zh-Hant",
				fr,
				pt,
			);
			mainGroup = A0999998000000000000001;
			productRefGroup = A0999997000000000000001 /* Products */;
			projectDirPath = "";
			projectRoot = "";
			targets = (
				A0999996000000000000001 /* GlowLed */,
			);
		};
/* End PBXProject section */

/* Begin PBXResourcesBuildPhase section */
		A0999993000000000000001 /* Resources */ = {
			isa = PBXResourcesBuildPhase;
			buildActionMask = 2147483647;
			files = (
				A1000017000000000000001 /* LaunchScreen.storyboard in Resources */,
				A1000015000000000000001 /* Assets.xcassets in Resources */,
				141382402F56825C00F73105 /* Localizable.strings in Resources */,
			);
			runOnlyForDeploymentPostprocessing = 0;
		};
/* End PBXResourcesBuildPhase section */

/* Begin PBXSourcesBuildPhase section */
		A0999994000000000000001 /* Sources */ = {
			isa = PBXSourcesBuildPhase;
			buildActionMask = 2147483647;
			files = (
				A1000001000000000000001 /* AppDelegate.swift in Sources */,
				A1000003000000000000001 /* SceneDelegate.swift in Sources */,
				A1000005000000000000001 /* MainViewController.swift in Sources */,
				A1000007000000000000001 /* LEDDisplayViewController.swift in Sources */,
				A1000009000000000000001 /* ConfigModel.swift in Sources */,
				A1000011000000000000001 /* CodeGenerator.swift in Sources */,
				A1000013000000000000001 /* EffectsRenderer.swift in Sources */,
				A1000020000000000000001 /* LEDSquareViewController.swift in Sources */,
				A1000022000000000000001 /* LEDItem.swift in Sources */,
				A1000024000000000000001 /* LEDCreateViewController.swift in Sources */,
				A1000026000000000000001 /* LEDFullScreenViewController.swift in Sources */,
				A1000028000000000000001 /* UIColor+Hex.swift in Sources */,
				A1000030000000000000001 /* FireworksViewController.swift in Sources */,
				A1000032000000000000001 /* FireworksBloomViewController.swift in Sources */,
				A1000034000000000000001 /* FlipClockViewController.swift in Sources */,
				A1000036000000000000001 /* LoveRainViewController.swift in Sources */,
				A1000038000000000000001 /* MainTabBarController.swift in Sources */,
				A1000040000000000000001 /* TemplateSquareViewController.swift in Sources */,
				A1000042000000000000001 /* SettingsViewController.swift in Sources */,
				A1000044000000000000001 /* MyCreationsViewController.swift in Sources */,
				A1000046000000000000001 /* MarqueeBorderView.swift in Sources */,
				A1000048000000000000001 /* LightBoardBorderView.swift in Sources */,
				A1000050000000000000001 /* HeartGridViewController.swift in Sources */,
				140966C92F55CD1B0095A3EA /* LEDPreviewViewController.swift in Sources */,
				1413821A2F56769B00F73105 /* LanguageManager.swift in Sources */,
			);
			runOnlyForDeploymentPostprocessing = 0;
		};
/* End PBXSourcesBuildPhase section */

/* Begin PBXVariantGroup section */
		1413821C2F56825C00F73105 /* Localizable.strings */ = {
			isa = PBXVariantGroup;
			children = (
				141382AA2F56825C00F73105 /* en */,
				1413821D2F56825C00F73105 /* de */,
				1413821E2F56825C00F73105 /* zh-Hans */,
				1413821F2F56825C00F73105 /* ja */,
				141382242F56825C00F73105 /* es */,
				141382282F56825C00F73105 /* it */,
				1413822C2F56825C00F73105 /* ko */,
				1413822E2F56825C00F73105 /* zh-Hant */,
				141382362F56825C00F73105 /* fr */,
				141382382F56825C00F73105 /* pt */,
			);
			name = Localizable.strings;
			sourceTree = "<group>";
		};
/* End PBXVariantGroup section */

/* Begin XCBuildConfiguration section */
		A0999987000000000000001 /* Release */ = {
			isa = XCBuildConfiguration;
			buildSettings = {
				ASSETCATALOG_COMPILER_APPICON_NAME = AppIcon;
				ASSETCATALOG_COMPILER_GLOBAL_ACCENT_COLOR_NAME = AccentColor;
				CODE_SIGN_STYLE = Automatic;
				CURRENT_PROJECT_VERSION = 1;
				GENERATE_INFOPLIST_FILE = YES;
				INFOPLIST_FILE = GlowLed/Info.plist;
				INFOPLIST_KEY_UIApplicationSupportsIndirectInputEvents = YES;
				INFOPLIST_KEY_UILaunchStoryboardName = LaunchScreen;
				INFOPLIST_KEY_UISupportedInterfaceOrientations = "UIInterfaceOrientationPortrait UIInterfaceOrientationLandscapeLeft UIInterfaceOrientationLandscapeRight";
				INFOPLIST_KEY_UISupportedInterfaceOrientations_iPad = "UIInterfaceOrientationPortrait UIInterfaceOrientationPortraitUpsideDown UIInterfaceOrientationLandscapeLeft UIInterfaceOrientationLandscapeRight";
				LD_RUNPATH_SEARCH_PATHS = (
					"$(inherited)",
					"@executable_path/Frameworks",
				);
				MARKETING_VERSION = 1.0;
				PRODUCT_BUNDLE_IDENTIFIER = com.glowled.app;
				PRODUCT_NAME = "$(TARGET_NAME)";
				SWIFT_EMIT_LOC_STRINGS = YES;
				SWIFT_VERSION = 5.0;
				TARGETED_DEVICE_FAMILY = "1,2";
			};
			name = Release;
		};
		A0999988000000000000001 /* Debug */ = {
			isa = XCBuildConfiguration;
			buildSettings = {
				ASSETCATALOG_COMPILER_APPICON_NAME = AppIcon;
				ASSETCATALOG_COMPILER_GLOBAL_ACCENT_COLOR_NAME = AccentColor;
				CODE_SIGN_STYLE = Automatic;
				CURRENT_PROJECT_VERSION = 1;
				GENERATE_INFOPLIST_FILE = YES;
				INFOPLIST_FILE = GlowLed/Info.plist;
				INFOPLIST_KEY_UIApplicationSupportsIndirectInputEvents = YES;
				INFOPLIST_KEY_UILaunchStoryboardName = LaunchScreen;
				INFOPLIST_KEY_UISupportedInterfaceOrientations = "UIInterfaceOrientationPortrait UIInterfaceOrientationLandscapeLeft UIInterfaceOrientationLandscapeRight";
				INFOPLIST_KEY_UISupportedInterfaceOrientations_iPad = "UIInterfaceOrientationPortrait UIInterfaceOrientationPortraitUpsideDown UIInterfaceOrientationLandscapeLeft UIInterfaceOrientationLandscapeRight";
				LD_RUNPATH_SEARCH_PATHS = (
					"$(inherited)",
					"@executable_path/Frameworks",
				);
				MARKETING_VERSION = 1.0;
				PRODUCT_BUNDLE_IDENTIFIER = com.glowled.app;
				PRODUCT_NAME = "$(TARGET_NAME)";
				SWIFT_EMIT_LOC_STRINGS = YES;
				SWIFT_VERSION = 5.0;
				TARGETED_DEVICE_FAMILY = "1,2";
			};
			name = Debug;
		};
		A0999989000000000000001 /* Release */ = {
			isa = XCBuildConfiguration;
			buildSettings = {
				ALWAYS_SEARCH_USER_PATHS = NO;
				ASSETCATALOG_COMPILER_GENERATE_SWIFT_ASSET_SYMBOL_EXTENSIONS = YES;
				CLANG_ANALYZER_NONNULL = YES;
				CLANG_ANALYZER_NUMBER_OBJECT_CONVERSION = YES_AGGRESSIVE;
				CLANG_CXX_LANGUAGE_STANDARD = "gnu++20";
				CLANG_ENABLE_MODULES = YES;
				CLANG_ENABLE_OBJC_ARC = YES;
				CLANG_ENABLE_OBJC_WEAK = YES;
				CLANG_WARN_BLOCK_CAPTURE_AUTORELEASING = YES;
				CLANG_WARN_BOOL_CONVERSION = YES;
				CLANG_WARN_COMMA = YES;
				CLANG_WARN_CONSTANT_CONVERSION = YES;
				CLANG_WARN_DEPRECATED_OBJC_IMPLEMENTATIONS = YES;
				CLANG_WARN_DIRECT_OBJC_ISA_USAGE = YES_ERROR;
				CLANG_WARN_DOCUMENTATION_COMMENTS = YES;
				CLANG_WARN_EMPTY_BODY = YES;
				CLANG_WARN_ENUM_CONVERSION = YES;
				CLANG_WARN_INFINITE_RECURSION = YES;
				CLANG_WARN_INT_CONVERSION = YES;
				CLANG_WARN_NON_LITERAL_NULL_CONVERSION = YES;
				CLANG_WARN_OBJC_IMPLICIT_RETAIN_SELF = YES;
				CLANG_WARN_OBJC_LITERAL_CONVERSION = YES;
				CLANG_WARN_OBJC_ROOT_CLASS = YES_ERROR;
				CLANG_WARN_QUOTED_INCLUDE_IN_FRAMEWORK_HEADER = YES;
				CLANG_WARN_RANGE_LOOP_ANALYSIS = YES;
				CLANG_WARN_STRICT_PROTOTYPES = YES;
				CLANG_WARN_SUSPICIOUS_MOVE = YES;
				CLANG_WARN_UNGUARDED_AVAILABILITY = YES_AGGRESSIVE;
				CLANG_WARN_UNREACHABLE_CODE = YES;
				CLANG_WARN__DUPLICATE_METHOD_MATCH = YES;
				COPY_PHASE_STRIP = NO;
				DEBUG_INFORMATION_FORMAT = "dwarf-with-dsym";
				ENABLE_NS_ASSERTIONS = NO;
				ENABLE_STRICT_OBJC_MSGSEND = YES;
				ENABLE_USER_SCRIPT_SANDBOXING = YES;
				GCC_C_LANGUAGE_STANDARD = gnu17;
				GCC_NO_COMMON_BLOCKS = YES;
				GCC_WARN_64_TO_32_BIT_CONVERSION = YES;
				GCC_WARN_ABOUT_RETURN_TYPE = YES_ERROR;
				GCC_WARN_UNDECLARED_SELECTOR = YES;
				GCC_WARN_UNINITIALIZED_AUTOS = YES_AGGRESSIVE;
				GCC_WARN_UNUSED_FUNCTION = YES;
				GCC_WARN_UNUSED_VARIABLE = YES;
				IPHONEOS_DEPLOYMENT_TARGET = 15.0;
				LOCALIZATION_PREFERS_STRING_CATALOGS = YES;
				MTL_ENABLE_DEBUG_INFO = NO;
				MTL_FAST_MATH = YES;
				SDKROOT = iphoneos;
				SWIFT_COMPILATION_MODE = wholemodule;
				VALIDATE_PRODUCT = YES;
			};
			name = Release;
		};
		A0999990000000000000001 /* Debug */ = {
			isa = XCBuildConfiguration;
			buildSettings = {
				ALWAYS_SEARCH_USER_PATHS = NO;
				ASSETCATALOG_COMPILER_GENERATE_SWIFT_ASSET_SYMBOL_EXTENSIONS = YES;
				CLANG_ANALYZER_NONNULL = YES;
				CLANG_ANALYZER_NUMBER_OBJECT_CONVERSION = YES_AGGRESSIVE;
				CLANG_CXX_LANGUAGE_STANDARD = "gnu++20";
				CLANG_ENABLE_MODULES = YES;
				CLANG_ENABLE_OBJC_ARC = YES;
				CLANG_ENABLE_OBJC_WEAK = YES;
				CLANG_WARN_BLOCK_CAPTURE_AUTORELEASING = YES;
				CLANG_WARN_BOOL_CONVERSION = YES;
				CLANG_WARN_COMMA = YES;
				CLANG_WARN_CONSTANT_CONVERSION = YES;
				CLANG_WARN_DEPRECATED_OBJC_IMPLEMENTATIONS = YES;
				CLANG_WARN_DIRECT_OBJC_ISA_USAGE = YES_ERROR;
				CLANG_WARN_DOCUMENTATION_COMMENTS = YES;
				CLANG_WARN_EMPTY_BODY = YES;
				CLANG_WARN_ENUM_CONVERSION = YES;
				CLANG_WARN_INFINITE_RECURSION = YES;
				CLANG_WARN_INT_CONVERSION = YES;
				CLANG_WARN_NON_LITERAL_NULL_CONVERSION = YES;
				CLANG_WARN_OBJC_IMPLICIT_RETAIN_SELF = YES;
				CLANG_WARN_OBJC_LITERAL_CONVERSION = YES;
				CLANG_WARN_OBJC_ROOT_CLASS = YES_ERROR;
				CLANG_WARN_QUOTED_INCLUDE_IN_FRAMEWORK_HEADER = YES;
				CLANG_WARN_RANGE_LOOP_ANALYSIS = YES;
				CLANG_WARN_STRICT_PROTOTYPES = YES;
				CLANG_WARN_SUSPICIOUS_MOVE = YES;
				CLANG_WARN_UNGUARDED_AVAILABILITY = YES_AGGRESSIVE;
				CLANG_WARN_UNREACHABLE_CODE = YES;
				CLANG_WARN__DUPLICATE_METHOD_MATCH = YES;
				COPY_PHASE_STRIP = NO;
				DEBUG_INFORMATION_FORMAT = dwarf;
				ENABLE_STRICT_OBJC_MSGSEND = YES;
				ENABLE_TESTABILITY = YES;
				ENABLE_USER_SCRIPT_SANDBOXING = YES;
				GCC_C_LANGUAGE_STANDARD = gnu17;
				GCC_DYNAMIC_NO_PIC = NO;
				GCC_NO_COMMON_BLOCKS = YES;
				GCC_OPTIMIZATION_LEVEL = 0;
				GCC_PREPROCESSOR_DEFINITIONS = (
					"DEBUG=1",
					"$(inherited)",
				);
				GCC_WARN_64_TO_32_BIT_CONVERSION = YES;
				GCC_WARN_ABOUT_RETURN_TYPE = YES_ERROR;
				GCC_WARN_UNDECLARED_SELECTOR = YES;
				GCC_WARN_UNINITIALIZED_AUTOS = YES_AGGRESSIVE;
				GCC_WARN_UNUSED_FUNCTION = YES;
				GCC_WARN_UNUSED_VARIABLE = YES;
				IPHONEOS_DEPLOYMENT_TARGET = 15.0;
				LOCALIZATION_PREFERS_STRING_CATALOGS = YES;
				MTL_ENABLE_DEBUG_INFO = INCLUDE_SOURCE;
				MTL_FAST_MATH = YES;
				ONLY_ACTIVE_ARCH = YES;
				SDKROOT = iphoneos;
				SWIFT_ACTIVE_COMPILATION_CONDITIONS = "DEBUG $(inherited)";
				SWIFT_OPTIMIZATION_LEVEL = "-Onone";
			};
			name = Debug;
		};
/* End XCBuildConfiguration section */

/* Begin XCConfigurationList section */
		A0999991000000000000001 /* Build configuration list for PBXProject "GlowLed" */ = {
			isa = XCConfigurationList;
			buildConfigurations = (
				A0999990000000000000001 /* Debug */,
				A0999989000000000000001 /* Release */,
			);
			defaultConfigurationIsVisible = 0;
			defaultConfigurationName = Release;
		};
		A0999995000000000000001 /* Build configuration list for PBXNativeTarget "GlowLed" */ = {
			isa = XCConfigurationList;
			buildConfigurations = (
				A0999988000000000000001 /* Debug */,
				A0999987000000000000001 /* Release */,
			);
			defaultConfigurationIsVisible = 0;
			defaultConfigurationName = Release;
		};
/* End XCConfigurationList section */
	};
	rootObject = A0999992000000000000001 /* Project object */;
}
